
Microsoft Visual Studio Solution File, Format Version 12.00
Project("{FAE04EC0-301F-11D3-BF4B-00C04F79EFBC}") = "EShopModular.Api", "Api\EShopModular.Api.csproj", "{73BBBF12-D8FE-42EE-B04F-60921DC270C9}"
EndProject
Project("{2150E333-8FDC-42A3-9474-1A3956D46DE8}") = "Api", "Api", "{90C9E580-65B9-4D66-97F5-63D0106824A0}"
EndProject
Project("{2150E333-8FDC-42A3-9474-1A3956D46DE8}") = "Tests", "Tests", "{33AEA580-927E-443E-97AA-DAE2DEE35657}"
EndProject
Project("{2150E333-8FDC-42A3-9474-1A3956D46DE8}") = "Solution Items", "Solution Items", "{D99A20B4-1049-4363-B1B5-530AFA61C378}"
	ProjectSection(SolutionItems) = preProject
		.editorconfig = .editorconfig
		README.md = README.md
	EndProjectSection
EndProject
Project("{FAE04EC0-301F-11D3-BF4B-00C04F79EFBC}") = "EShopModular.UnitTests", "Tests\UnitTests\EShopModular.UnitTests.csproj", "{A6DBA178-13AB-4DA7-A28A-20F4D34B2587}"
EndProject
Project("{2150E333-8FDC-42A3-9474-1A3956D46DE8}") = "Database", "Database", "{AD8C8A07-B3DC-4F4C-9203-E2FF5AAE3B0C}"
EndProject
Project("{FAE04EC0-301F-11D3-BF4B-00C04F79EFBC}") = "DatabaseMigrator", "Database\DatabaseMigrator\DatabaseMigrator.csproj", "{E52895C0-8800-474B-A4D7-81AE3C174C3A}"
EndProject
Project("{FAE04EC0-301F-11D3-BF4B-00C04F79EFBC}") = "Database.eShop", "Database\Database.eShop\Database.eShop.csproj", "{1DEE2E80-119C-4B5B-9DED-3E8EC134D917}"
EndProject
Project("{2150E333-8FDC-42A3-9474-1A3956D46DE8}") = "Modules", "Modules", "{33A16290-349B-41DA-B270-6182EF9CBE62}"
EndProject
Project("{2150E333-8FDC-42A3-9474-1A3956D46DE8}") = "Orders", "Orders", "{4E60F83A-49D8-448F-B7AC-925F7B2AB140}"
EndProject
Project("{2150E333-8FDC-42A3-9474-1A3956D46DE8}") = "Products", "Products", "{37A9D371-0C38-4946-981A-970A6F93D993}"
EndProject
Project("{2150E333-8FDC-42A3-9474-1A3956D46DE8}") = "Common", "Common", "{2E45D5D4-C648-49D1-9F1F-024BC9511A34}"
EndProject
Project("{FAE04EC0-301F-11D3-BF4B-00C04F79EFBC}") = "EShopModular.Common.Application", "Common\Application\EShopModular.Common.Application.csproj", "{B942D0B7-E8F6-48A8-90A7-CFD5969D1EDD}"
EndProject
Project("{FAE04EC0-301F-11D3-BF4B-00C04F79EFBC}") = "EShopModular.Common.Domain", "Common\Domain\EShopModular.Common.Domain.csproj", "{7328D099-0333-406A-930E-C3002EA41ECF}"
EndProject
Project("{FAE04EC0-301F-11D3-BF4B-00C04F79EFBC}") = "EShopModular.Common.Infrastructure", "Common\Infrastructure\EShopModular.Common.Infrastructure.csproj", "{8BC3D713-EDEA-4070-8D6D-1C49777EF126}"
EndProject
Project("{FAE04EC0-301F-11D3-BF4B-00C04F79EFBC}") = "EShopModular.Modules.Orders.Application", "Modules\Orders\Application\EShopModular.Modules.Orders.Application.csproj", "{4E404181-E8AE-45EC-81E1-BC617233587B}"
EndProject
Project("{FAE04EC0-301F-11D3-BF4B-00C04F79EFBC}") = "EShopModular.Modules.Orders.Domain", "Modules\Orders\Domain\EShopModular.Modules.Orders.Domain.csproj", "{6BE03BD0-6E87-4373-9A23-537D659FDF78}"
EndProject
Project("{FAE04EC0-301F-11D3-BF4B-00C04F79EFBC}") = "EShopModular.Modules.Orders.Infrastructure", "Modules\Orders\Infrastructure\EShopModular.Modules.Orders.Infrastructure.csproj", "{E0AD8A35-F704-48CA-97F7-74882C82F23E}"
EndProject
Project("{FAE04EC0-301F-11D3-BF4B-00C04F79EFBC}") = "EShopModular.Modules.Products.Application", "Modules\Products\Application\EShopModular.Modules.Products.Application.csproj", "{0D6B53B1-C299-4F1F-853C-4D96052EBBD4}"
EndProject
Project("{FAE04EC0-301F-11D3-BF4B-00C04F79EFBC}") = "EShopModular.Modules.Products.Domain", "Modules\Products\Domain\EShopModular.Modules.Products.Domain.csproj", "{DCEE797E-EC99-4E5F-B49D-C65706BDD812}"
EndProject
Project("{FAE04EC0-301F-11D3-BF4B-00C04F79EFBC}") = "EShopModular.Modules.Products.Infrastructure", "Modules\Products\Infrastructure\EShopModular.Modules.Products.Infrastructure.csproj", "{AAAA7D0E-4728-4BB5-842C-A73E43875837}"
EndProject
Project("{FAE04EC0-301F-11D3-BF4B-00C04F79EFBC}") = "EShopModular.Modules.Orders.IntegrationEvents", "Modules\Orders\IntegrationEvents\EShopModular.Modules.Orders.IntegrationEvents.csproj", "{9F0269CF-6EED-4A70-B47B-A58658CCA467}"
EndProject
Project("{FAE04EC0-301F-11D3-BF4B-00C04F79EFBC}") = "EShopModular.Common.EventBus", "Common\EventBus\EShopModular.Common.EventBus.csproj", "{622EAA59-2DF5-446A-A81F-649299834456}"
EndProject
Project("{FAE04EC0-301F-11D3-BF4B-00C04F79EFBC}") = "EShopModular.UnitTests", Tests\UnitTests\EShopModular.UnitTests.csproj", "{3E383A89-F5B1-4C2B-8BE7-B78D234B352C}"
EndProject
Global
	GlobalSection(SolutionConfigurationPlatforms) = preSolution
		Debug|Any CPU = Debug|Any CPU
		Release|Any CPU = Release|Any CPU
	EndGlobalSection
	GlobalSection(ProjectConfigurationPlatforms) = postSolution
		{73BBBF12-D8FE-42EE-B04F-60921DC270C9}.Debug|Any CPU.ActiveCfg = Debug|Any CPU
		{73BBBF12-D8FE-42EE-B04F-60921DC270C9}.Debug|Any CPU.Build.0 = Debug|Any CPU
		{73BBBF12-D8FE-42EE-B04F-60921DC270C9}.Release|Any CPU.ActiveCfg = Release|Any CPU
		{73BBBF12-D8FE-42EE-B04F-60921DC270C9}.Release|Any CPU.Build.0 = Release|Any CPU
		{3E383A89-F5B1-4C2B-8BE7-B78D234B352C}.Debug|Any CPU.ActiveCfg = Debug|Any CPU
		{3E383A89-F5B1-4C2B-8BE7-B78D234B352C}.Debug|Any CPU.Build.0 = Debug|Any CPU
		{3E383A89-F5B1-4C2B-8BE7-B78D234B352C}.Release|Any CPU.ActiveCfg = Release|Any CPU
		{3E383A89-F5B1-4C2B-8BE7-B78D234B352C}.Release|Any CPU.Build.0 = Release|Any CPU
		{A6DBA178-13AB-4DA7-A28A-20F4D34B2587}.Debug|Any CPU.ActiveCfg = Debug|Any CPU
		{A6DBA178-13AB-4DA7-A28A-20F4D34B2587}.Debug|Any CPU.Build.0 = Debug|Any CPU
		{A6DBA178-13AB-4DA7-A28A-20F4D34B2587}.Release|Any CPU.ActiveCfg = Release|Any CPU
		{A6DBA178-13AB-4DA7-A28A-20F4D34B2587}.Release|Any CPU.Build.0 = Release|Any CPU
		{E52895C0-8800-474B-A4D7-81AE3C174C3A}.Debug|Any CPU.ActiveCfg = Debug|Any CPU
		{E52895C0-8800-474B-A4D7-81AE3C174C3A}.Debug|Any CPU.Build.0 = Debug|Any CPU
		{E52895C0-8800-474B-A4D7-81AE3C174C3A}.Release|Any CPU.ActiveCfg = Release|Any CPU
		{E52895C0-8800-474B-A4D7-81AE3C174C3A}.Release|Any CPU.Build.0 = Release|Any CPU
		{1DEE2E80-119C-4B5B-9DED-3E8EC134D917}.Debug|Any CPU.ActiveCfg = Debug|Any CPU
		{1DEE2E80-119C-4B5B-9DED-3E8EC134D917}.Debug|Any CPU.Build.0 = Debug|Any CPU
		{1DEE2E80-119C-4B5B-9DED-3E8EC134D917}.Release|Any CPU.ActiveCfg = Release|Any CPU
		{1DEE2E80-119C-4B5B-9DED-3E8EC134D917}.Release|Any CPU.Build.0 = Release|Any CPU
		{B942D0B7-E8F6-48A8-90A7-CFD5969D1EDD}.Debug|Any CPU.ActiveCfg = Debug|Any CPU
		{B942D0B7-E8F6-48A8-90A7-CFD5969D1EDD}.Debug|Any CPU.Build.0 = Debug|Any CPU
		{B942D0B7-E8F6-48A8-90A7-CFD5969D1EDD}.Release|Any CPU.ActiveCfg = Release|Any CPU
		{B942D0B7-E8F6-48A8-90A7-CFD5969D1EDD}.Release|Any CPU.Build.0 = Release|Any CPU
		{7328D099-0333-406A-930E-C3002EA41ECF}.Debug|Any CPU.ActiveCfg = Debug|Any CPU
		{7328D099-0333-406A-930E-C3002EA41ECF}.Debug|Any CPU.Build.0 = Debug|Any CPU
		{7328D099-0333-406A-930E-C3002EA41ECF}.Release|Any CPU.ActiveCfg = Release|Any CPU
		{7328D099-0333-406A-930E-C3002EA41ECF}.Release|Any CPU.Build.0 = Release|Any CPU
		{8BC3D713-EDEA-4070-8D6D-1C49777EF126}.Debug|Any CPU.ActiveCfg = Debug|Any CPU
		{8BC3D713-EDEA-4070-8D6D-1C49777EF126}.Debug|Any CPU.Build.0 = Debug|Any CPU
		{8BC3D713-EDEA-4070-8D6D-1C49777EF126}.Release|Any CPU.ActiveCfg = Release|Any CPU
		{8BC3D713-EDEA-4070-8D6D-1C49777EF126}.Release|Any CPU.Build.0 = Release|Any CPU
		{4E404181-E8AE-45EC-81E1-BC617233587B}.Debug|Any CPU.ActiveCfg = Debug|Any CPU
		{4E404181-E8AE-45EC-81E1-BC617233587B}.Debug|Any CPU.Build.0 = Debug|Any CPU
		{4E404181-E8AE-45EC-81E1-BC617233587B}.Release|Any CPU.ActiveCfg = Release|Any CPU
		{4E404181-E8AE-45EC-81E1-BC617233587B}.Release|Any CPU.Build.0 = Release|Any CPU
		{6BE03BD0-6E87-4373-9A23-537D659FDF78}.Debug|Any CPU.ActiveCfg = Debug|Any CPU
		{6BE03BD0-6E87-4373-9A23-537D659FDF78}.Debug|Any CPU.Build.0 = Debug|Any CPU
		{6BE03BD0-6E87-4373-9A23-537D659FDF78}.Release|Any CPU.ActiveCfg = Release|Any CPU
		{6BE03BD0-6E87-4373-9A23-537D659FDF78}.Release|Any CPU.Build.0 = Release|Any CPU
		{E0AD8A35-F704-48CA-97F7-74882C82F23E}.Debug|Any CPU.ActiveCfg = Debug|Any CPU
		{E0AD8A35-F704-48CA-97F7-74882C82F23E}.Debug|Any CPU.Build.0 = Debug|Any CPU
		{E0AD8A35-F704-48CA-97F7-74882C82F23E}.Release|Any CPU.ActiveCfg = Release|Any CPU
		{E0AD8A35-F704-48CA-97F7-74882C82F23E}.Release|Any CPU.Build.0 = Release|Any CPU
		{0D6B53B1-C299-4F1F-853C-4D96052EBBD4}.Debug|Any CPU.ActiveCfg = Debug|Any CPU
		{0D6B53B1-C299-4F1F-853C-4D96052EBBD4}.Debug|Any CPU.Build.0 = Debug|Any CPU
		{0D6B53B1-C299-4F1F-853C-4D96052EBBD4}.Release|Any CPU.ActiveCfg = Release|Any CPU
		{0D6B53B1-C299-4F1F-853C-4D96052EBBD4}.Release|Any CPU.Build.0 = Release|Any CPU
		{DCEE797E-EC99-4E5F-B49D-C65706BDD812}.Debug|Any CPU.ActiveCfg = Debug|Any CPU
		{DCEE797E-EC99-4E5F-B49D-C65706BDD812}.Debug|Any CPU.Build.0 = Debug|Any CPU
		{DCEE797E-EC99-4E5F-B49D-C65706BDD812}.Release|Any CPU.ActiveCfg = Release|Any CPU
		{DCEE797E-EC99-4E5F-B49D-C65706BDD812}.Release|Any CPU.Build.0 = Release|Any CPU
		{AAAA7D0E-4728-4BB5-842C-A73E43875837}.Debug|Any CPU.ActiveCfg = Debug|Any CPU
		{AAAA7D0E-4728-4BB5-842C-A73E43875837}.Debug|Any CPU.Build.0 = Debug|Any CPU
		{AAAA7D0E-4728-4BB5-842C-A73E43875837}.Release|Any CPU.ActiveCfg = Release|Any CPU
		{AAAA7D0E-4728-4BB5-842C-A73E43875837}.Release|Any CPU.Build.0 = Release|Any CPU
		{9F0269CF-6EED-4A70-B47B-A58658CCA467}.Debug|Any CPU.ActiveCfg = Debug|Any CPU
		{9F0269CF-6EED-4A70-B47B-A58658CCA467}.Debug|Any CPU.Build.0 = Debug|Any CPU
		{9F0269CF-6EED-4A70-B47B-A58658CCA467}.Release|Any CPU.ActiveCfg = Release|Any CPU
		{9F0269CF-6EED-4A70-B47B-A58658CCA467}.Release|Any CPU.Build.0 = Release|Any CPU
		{622EAA59-2DF5-446A-A81F-649299834456}.Debug|Any CPU.ActiveCfg = Debug|Any CPU
		{622EAA59-2DF5-446A-A81F-649299834456}.Debug|Any CPU.Build.0 = Debug|Any CPU
		{622EAA59-2DF5-446A-A81F-649299834456}.Release|Any CPU.ActiveCfg = Release|Any CPU
		{622EAA59-2DF5-446A-A81F-649299834456}.Release|Any CPU.Build.0 = Release|Any CPU
	EndGlobalSection
	GlobalSection(NestedProjects) = preSolution
		{73BBBF12-D8FE-42EE-B04F-60921DC270C9} = {90C9E580-65B9-4D66-97F5-63D0106824A0}
		{3E383A89-F5B1-4C2B-8BE7-B78D234B352C} = {33AEA580-927E-443E-97AA-DAE2DEE35657}
		{A6DBA178-13AB-4DA7-A28A-20F4D34B2587} = {33AEA580-927E-443E-97AA-DAE2DEE35657}
		{E52895C0-8800-474B-A4D7-81AE3C174C3A} = {AD8C8A07-B3DC-4F4C-9203-E2FF5AAE3B0C}
		{1DEE2E80-119C-4B5B-9DED-3E8EC134D917} = {AD8C8A07-B3DC-4F4C-9203-E2FF5AAE3B0C}
		{4E60F83A-49D8-448F-B7AC-925F7B2AB140} = {33A16290-349B-41DA-B270-6182EF9CBE62}
		{37A9D371-0C38-4946-981A-970A6F93D993} = {33A16290-349B-41DA-B270-6182EF9CBE62}
		{B942D0B7-E8F6-48A8-90A7-CFD5969D1EDD} = {2E45D5D4-C648-49D1-9F1F-024BC9511A34}
		{7328D099-0333-406A-930E-C3002EA41ECF} = {2E45D5D4-C648-49D1-9F1F-024BC9511A34}
		{8BC3D713-EDEA-4070-8D6D-1C49777EF126} = {2E45D5D4-C648-49D1-9F1F-024BC9511A34}
		{4E404181-E8AE-45EC-81E1-BC617233587B} = {4E60F83A-49D8-448F-B7AC-925F7B2AB140}
		{6BE03BD0-6E87-4373-9A23-537D659FDF78} = {4E60F83A-49D8-448F-B7AC-925F7B2AB140}
		{E0AD8A35-F704-48CA-97F7-74882C82F23E} = {4E60F83A-49D8-448F-B7AC-925F7B2AB140}
		{0D6B53B1-C299-4F1F-853C-4D96052EBBD4} = {37A9D371-0C38-4946-981A-970A6F93D993}
		{DCEE797E-EC99-4E5F-B49D-C65706BDD812} = {37A9D371-0C38-4946-981A-970A6F93D993}
		{AAAA7D0E-4728-4BB5-842C-A73E43875837} = {37A9D371-0C38-4946-981A-970A6F93D993}
		{9F0269CF-6EED-4A70-B47B-A58658CCA467} = {4E60F83A-49D8-448F-B7AC-925F7B2AB140}
		{622EAA59-2DF5-446A-A81F-649299834456} = {2E45D5D4-C648-49D1-9F1F-024BC9511A34}
	EndGlobalSection
EndGlobal
