
Microsoft Visual Studio Solution File, Format Version 12.00
Project("{FAE04EC0-301F-11D3-BF4B-00C04F79EFBC}") = "eShopModular.Api", "Api\eShopModular.Api.csproj", "{73BBBF12-D8FE-42EE-B04F-60921DC270C9}"
EndProject
Project("{2150E333-8FDC-42A3-9474-1A3956D46DE8}") = "Api", "Api", "{90C9E580-65B9-4D66-97F5-63D0106824A0}"
EndProject
Project("{2150E333-8FDC-42A3-9474-1A3956D46DE8}") = "Application", "Application", "{022A746B-C3D2-42D3-9E67-57154AD4E983}"
EndProject
Project("{2150E333-8FDC-42A3-9474-1A3956D46DE8}") = "Infrastructure", "Infrastructure", "{8A33E877-B568-4220-9677-B950C60003F7}"
EndProject
Project("{FAE04EC0-301F-11D3-BF4B-00C04F79EFBC}") = "eShopModular.Infrastructure", "Infrastructure\eShopModular.Infrastructure.csproj", "{0297DE97-4CEA-4BDD-A155-CBC53B8A1AA6}"
EndProject
Project("{FAE04EC0-301F-11D3-BF4B-00C04F79EFBC}") = "eShopModular.Application", "Application\eShopModular.Application.csproj", "{BE53E00E-7BD0-4529-9792-329F2F527F76}"
EndProject
Project("{2150E333-8FDC-42A3-9474-1A3956D46DE8}") = "Domain", "Domain", "{BFDE80FA-F9B7-4CA4-B436-DE06191F4F2A}"
EndProject
Project("{FAE04EC0-301F-11D3-BF4B-00C04F79EFBC}") = "eShopModular.Domain", "Domain\eShopModular.Domain.csproj", "{69D1A232-9FC5-4205-826C-E1B040B35D3C}"
EndProject
Project("{2150E333-8FDC-42A3-9474-1A3956D46DE8}") = "Tests", "Tests", "{33AEA580-927E-443E-97AA-DAE2DEE35657}"
EndProject
Project("{2150E333-8FDC-42A3-9474-1A3956D46DE8}") = "Solution Items", "Solution Items", "{D99A20B4-1049-4363-B1B5-530AFA61C378}"
	ProjectSection(SolutionItems) = preProject
		.editorconfig = .editorconfig
		README.md = README.md
	EndProjectSection
EndProject
Project("{FAE04EC0-301F-11D3-BF4B-00C04F79EFBC}") = "eShopModular.UnitTests", "Tests\UnitTests\eShopModular.UnitTests.csproj", "{A6DBA178-13AB-4DA7-A28A-20F4D34B2587}"
EndProject
Project("{2150E333-8FDC-42A3-9474-1A3956D46DE8}") = "Database", "Database", "{AD8C8A07-B3DC-4F4C-9203-E2FF5AAE3B0C}"
EndProject
Project("{FAE04EC0-301F-11D3-BF4B-00C04F79EFBC}") = "DatabaseMigrator", "Database\DatabaseMigrator\DatabaseMigrator.csproj", "{E52895C0-8800-474B-A4D7-81AE3C174C3A}"
EndProject
Project("{FAE04EC0-301F-11D3-BF4B-00C04F79EFBC}") = "Database.eShop", "Database\Database.eShop\Database.eShop.csproj", "{1DEE2E80-119C-4B5B-9DED-3E8EC134D917}"
EndProject
Project("{FAE04EC0-301F-11D3-BF4B-00C04F79EFBC}") = "eShopModular.UnitTests", Tests\UnitTests\eShopModular.UnitTests.csproj", "{3E383A89-F5B1-4C2B-8BE7-B78D234B352C}"
EndProject
Global
	GlobalSection(SolutionConfigurationPlatforms) = preSolution
		Debug|Any CPU = Debug|Any CPU
		Release|Any CPU = Release|Any CPU
	EndGlobalSection
	GlobalSection(ProjectConfigurationPlatforms) = postSolution
		{73BBBF12-D8FE-42EE-B04F-60921DC270C9}.Debug|Any CPU.ActiveCfg = Debug|Any CPU
		{73BBBF12-D8FE-42EE-B04F-60921DC270C9}.Debug|Any CPU.Build.0 = Debug|Any CPU
		{73BBBF12-D8FE-42EE-B04F-60921DC270C9}.Release|Any CPU.ActiveCfg = Release|Any CPU
		{73BBBF12-D8FE-42EE-B04F-60921DC270C9}.Release|Any CPU.Build.0 = Release|Any CPU
		{0297DE97-4CEA-4BDD-A155-CBC53B8A1AA6}.Debug|Any CPU.ActiveCfg = Debug|Any CPU
		{0297DE97-4CEA-4BDD-A155-CBC53B8A1AA6}.Debug|Any CPU.Build.0 = Debug|Any CPU
		{0297DE97-4CEA-4BDD-A155-CBC53B8A1AA6}.Release|Any CPU.ActiveCfg = Release|Any CPU
		{0297DE97-4CEA-4BDD-A155-CBC53B8A1AA6}.Release|Any CPU.Build.0 = Release|Any CPU
		{BE53E00E-7BD0-4529-9792-329F2F527F76}.Debug|Any CPU.ActiveCfg = Debug|Any CPU
		{BE53E00E-7BD0-4529-9792-329F2F527F76}.Debug|Any CPU.Build.0 = Debug|Any CPU
		{BE53E00E-7BD0-4529-9792-329F2F527F76}.Release|Any CPU.ActiveCfg = Release|Any CPU
		{BE53E00E-7BD0-4529-9792-329F2F527F76}.Release|Any CPU.Build.0 = Release|Any CPU
		{69D1A232-9FC5-4205-826C-E1B040B35D3C}.Debug|Any CPU.ActiveCfg = Debug|Any CPU
		{69D1A232-9FC5-4205-826C-E1B040B35D3C}.Debug|Any CPU.Build.0 = Debug|Any CPU
		{69D1A232-9FC5-4205-826C-E1B040B35D3C}.Release|Any CPU.ActiveCfg = Release|Any CPU
		{69D1A232-9FC5-4205-826C-E1B040B35D3C}.Release|Any CPU.Build.0 = Release|Any CPU
		{3E383A89-F5B1-4C2B-8BE7-B78D234B352C}.Debug|Any CPU.ActiveCfg = Debug|Any CPU
		{3E383A89-F5B1-4C2B-8BE7-B78D234B352C}.Debug|Any CPU.Build.0 = Debug|Any CPU
		{3E383A89-F5B1-4C2B-8BE7-B78D234B352C}.Release|Any CPU.ActiveCfg = Release|Any CPU
		{3E383A89-F5B1-4C2B-8BE7-B78D234B352C}.Release|Any CPU.Build.0 = Release|Any CPU
		{A6DBA178-13AB-4DA7-A28A-20F4D34B2587}.Debug|Any CPU.ActiveCfg = Debug|Any CPU
		{A6DBA178-13AB-4DA7-A28A-20F4D34B2587}.Debug|Any CPU.Build.0 = Debug|Any CPU
		{A6DBA178-13AB-4DA7-A28A-20F4D34B2587}.Release|Any CPU.ActiveCfg = Release|Any CPU
		{A6DBA178-13AB-4DA7-A28A-20F4D34B2587}.Release|Any CPU.Build.0 = Release|Any CPU
		{E52895C0-8800-474B-A4D7-81AE3C174C3A}.Debug|Any CPU.ActiveCfg = Debug|Any CPU
		{E52895C0-8800-474B-A4D7-81AE3C174C3A}.Debug|Any CPU.Build.0 = Debug|Any CPU
		{E52895C0-8800-474B-A4D7-81AE3C174C3A}.Release|Any CPU.ActiveCfg = Release|Any CPU
		{E52895C0-8800-474B-A4D7-81AE3C174C3A}.Release|Any CPU.Build.0 = Release|Any CPU
		{1DEE2E80-119C-4B5B-9DED-3E8EC134D917}.Debug|Any CPU.ActiveCfg = Debug|Any CPU
		{1DEE2E80-119C-4B5B-9DED-3E8EC134D917}.Debug|Any CPU.Build.0 = Debug|Any CPU
		{1DEE2E80-119C-4B5B-9DED-3E8EC134D917}.Release|Any CPU.ActiveCfg = Release|Any CPU
		{1DEE2E80-119C-4B5B-9DED-3E8EC134D917}.Release|Any CPU.Build.0 = Release|Any CPU
	EndGlobalSection
	GlobalSection(NestedProjects) = preSolution
		{73BBBF12-D8FE-42EE-B04F-60921DC270C9} = {90C9E580-65B9-4D66-97F5-63D0106824A0}
		{0297DE97-4CEA-4BDD-A155-CBC53B8A1AA6} = {8A33E877-B568-4220-9677-B950C60003F7}
		{BE53E00E-7BD0-4529-9792-329F2F527F76} = {022A746B-C3D2-42D3-9E67-57154AD4E983}
		{69D1A232-9FC5-4205-826C-E1B040B35D3C} = {BFDE80FA-F9B7-4CA4-B436-DE06191F4F2A}
		{3E383A89-F5B1-4C2B-8BE7-B78D234B352C} = {33AEA580-927E-443E-97AA-DAE2DEE35657}
		{A6DBA178-13AB-4DA7-A28A-20F4D34B2587} = {33AEA580-927E-443E-97AA-DAE2DEE35657}
		{E52895C0-8800-474B-A4D7-81AE3C174C3A} = {AD8C8A07-B3DC-4F4C-9203-E2FF5AAE3B0C}
		{1DEE2E80-119C-4B5B-9DED-3E8EC134D917} = {AD8C8A07-B3DC-4F4C-9203-E2FF5AAE3B0C}
	EndGlobalSection
EndGlobal
